
Microsoft Visual Studio Solution File, Format Version 12.00
# Visual Studio 15
VisualStudioVersion = 15.0.27130.0
MinimumVisualStudioVersion = 10.0.40219.1
Project("{FAE04EC0-301F-11D3-BF4B-00C04F79EFBC}") = "Flyweight", "Flyweight\Flyweight.csproj", "{40A97BB6-AF07-4248-91A1-940B3E326861}"
EndProject
Global
	GlobalSection(SolutionConfigurationPlatforms) = preSolution
		Debug|Any CPU = Debug|Any CPU
		Release|Any CPU = Release|Any CPU
	EndGlobalSection
	GlobalSection(ProjectConfigurationPlatforms) = postSolution
		{40A97BB6-AF07-4248-91A1-940B3E326861}.Debug|Any CPU.ActiveCfg = Debug|Any CPU
		{40A97BB6-AF07-4248-91A1-940B3E326861}.Debug|Any CPU.Build.0 = Debug|Any CPU
		{40A97BB6-AF07-4248-91A1-940B3E326861}.Release|Any CPU.ActiveCfg = Release|Any CPU
		{40A97BB6-AF07-4248-91A1-940B3E326861}.Release|Any CPU.Build.0 = Release|Any CPU
	EndGlobalSection
	GlobalSection(SolutionProperties) = preSolution
		HideSolutionNode = FALSE
	EndGlobalSection
	GlobalSection(ExtensibilityGlobals) = postSolution
		SolutionGuid = {CBB71033-FABB-4FB2-AB5A-249E0B364CF7}
	EndGlobalSection
EndGlobal
